
Microsoft Visual Studio Solution File, Format Version 12.00
# Visual Studio 2013
VisualStudioVersion = 12.0.31101.0
MinimumVisualStudioVersion = 10.0.40219.1
Project("{FAE04EC0-301F-11D3-BF4B-00C04F79EFBC}") = "Medidata.Cloud.Thermometer", "Medidata.Cloud.Thermometer\Medidata.Cloud.Thermometer.csproj", "{26F8D7D1-8DF2-4DF3-8F1A-FD3E5D18B8A8}"
EndProject
Project("{FAE04EC0-301F-11D3-BF4B-00C04F79EFBC}") = "Medidata.Cloud.Thermometer.Example", "Medidata.Cloud.Thermometer.Example\Medidata.Cloud.Thermometer.Example.csproj", "{EBE5CEBA-91BA-42C3-8AF1-2D31A48C69D8}"
EndProject
Project("{FAE04EC0-301F-11D3-BF4B-00C04F79EFBC}") = "Medidata.Cloud.Thermometer.UnitTests", "Medidata.Cloud.Thermometer.UnitTests\Medidata.Cloud.Thermometer.UnitTests.csproj", "{CC08DBF0-A307-47AD-ADEA-C8C741454444}"
EndProject
Global
	GlobalSection(SolutionConfigurationPlatforms) = preSolution
		Debug|Any CPU = Debug|Any CPU
		Release|Any CPU = Release|Any CPU
	EndGlobalSection
	GlobalSection(ProjectConfigurationPlatforms) = postSolution
		{26F8D7D1-8DF2-4DF3-8F1A-FD3E5D18B8A8}.Debug|Any CPU.ActiveCfg = Debug|Any CPU
		{26F8D7D1-8DF2-4DF3-8F1A-FD3E5D18B8A8}.Debug|Any CPU.Build.0 = Debug|Any CPU
		{26F8D7D1-8DF2-4DF3-8F1A-FD3E5D18B8A8}.Release|Any CPU.ActiveCfg = Release|Any CPU
		{26F8D7D1-8DF2-4DF3-8F1A-FD3E5D18B8A8}.Release|Any CPU.Build.0 = Release|Any CPU
		{EBE5CEBA-91BA-42C3-8AF1-2D31A48C69D8}.Debug|Any CPU.ActiveCfg = Debug|Any CPU
		{EBE5CEBA-91BA-42C3-8AF1-2D31A48C69D8}.Debug|Any CPU.Build.0 = Debug|Any CPU
		{EBE5CEBA-91BA-42C3-8AF1-2D31A48C69D8}.Release|Any CPU.ActiveCfg = Release|Any CPU
		{EBE5CEBA-91BA-42C3-8AF1-2D31A48C69D8}.Release|Any CPU.Build.0 = Release|Any CPU
		{CC08DBF0-A307-47AD-ADEA-C8C741454444}.Debug|Any CPU.ActiveCfg = Debug|Any CPU
		{CC08DBF0-A307-47AD-ADEA-C8C741454444}.Debug|Any CPU.Build.0 = Debug|Any CPU
		{CC08DBF0-A307-47AD-ADEA-C8C741454444}.Release|Any CPU.ActiveCfg = Release|Any CPU
		{CC08DBF0-A307-47AD-ADEA-C8C741454444}.Release|Any CPU.Build.0 = Release|Any CPU
	EndGlobalSection
	GlobalSection(SolutionProperties) = preSolution
		HideSolutionNode = FALSE
	EndGlobalSection
EndGlobal
